
Microsoft Visual Studio Solution File, Format Version 12.00
# Visual Studio Version 17
VisualStudioVersion = 17.4.33110.190
MinimumVisualStudioVersion = 10.0.40219.1
Project("{9A19103F-16F7-4668-BE54-9A1E7A4F7556}") = "Puzzle01", "src\Puzzle01\Puzzle01.csproj", "{12389E52-115E-4F16-AD3F-9BB4DC4A76F3}"
EndProject
Project("{FAE04EC0-301F-11D3-BF4B-00C04F79EFBC}") = "Puzzle2", "src\Puzzle2\Puzzle2.csproj", "{556893A7-5F1B-41E4-B42E-8552978E30CA}"
EndProject
Global
	GlobalSection(SolutionConfigurationPlatforms) = preSolution
		Debug|Any CPU = Debug|Any CPU
		Release|Any CPU = Release|Any CPU
	EndGlobalSection
	GlobalSection(ProjectConfigurationPlatforms) = postSolution
		{12389E52-115E-4F16-AD3F-9BB4DC4A76F3}.Debug|Any CPU.ActiveCfg = Debug|Any CPU
		{12389E52-115E-4F16-AD3F-9BB4DC4A76F3}.Debug|Any CPU.Build.0 = Debug|Any CPU
		{12389E52-115E-4F16-AD3F-9BB4DC4A76F3}.Release|Any CPU.ActiveCfg = Release|Any CPU
		{12389E52-115E-4F16-AD3F-9BB4DC4A76F3}.Release|Any CPU.Build.0 = Release|Any CPU
		{556893A7-5F1B-41E4-B42E-8552978E30CA}.Debug|Any CPU.ActiveCfg = Debug|Any CPU
		{556893A7-5F1B-41E4-B42E-8552978E30CA}.Debug|Any CPU.Build.0 = Debug|Any CPU
		{556893A7-5F1B-41E4-B42E-8552978E30CA}.Release|Any CPU.ActiveCfg = Release|Any CPU
		{556893A7-5F1B-41E4-B42E-8552978E30CA}.Release|Any CPU.Build.0 = Release|Any CPU
	EndGlobalSection
	GlobalSection(SolutionProperties) = preSolution
		HideSolutionNode = FALSE
	EndGlobalSection
	GlobalSection(ExtensibilityGlobals) = postSolution
		SolutionGuid = {CC782AA2-D28E-4455-BC5D-24FE78E82C38}
	EndGlobalSection
EndGlobal
